// !$*UTF8*$!
{
	archiveVersion = 1;
	classes = {
	};
	objectVersion = 52;
	objects = {

/* Begin PBXBuildFile section */
		AC191A9B26536DAE00D59AC1 /* ReceiveView.swift in Sources */ = {isa = PBXBuildFile; fileRef = AC191A9A26536DAE00D59AC1 /* ReceiveView.swift */; };
		AC191A9C26536DAE00D59AC1 /* ReceiveView.swift in Sources */ = {isa = PBXBuildFile; fileRef = AC191A9A26536DAE00D59AC1 /* ReceiveView.swift */; };
		AC191A9D26536DAE00D59AC1 /* ReceiveView.swift in Sources */ = {isa = PBXBuildFile; fileRef = AC191A9A26536DAE00D59AC1 /* ReceiveView.swift */; };
		AC191AA026536E3300D59AC1 /* Transaction.swift in Sources */ = {isa = PBXBuildFile; fileRef = AC191A9F26536E3300D59AC1 /* Transaction.swift */; };
		AC191AA126536E3300D59AC1 /* Transaction.swift in Sources */ = {isa = PBXBuildFile; fileRef = AC191A9F26536E3300D59AC1 /* Transaction.swift */; };
		AC191AA226536E3300D59AC1 /* Transaction.swift in Sources */ = {isa = PBXBuildFile; fileRef = AC191A9F26536E3300D59AC1 /* Transaction.swift */; };
		AC191AA42654A66100D59AC1 /* Account.swift in Sources */ = {isa = PBXBuildFile; fileRef = AC191AA32654A66100D59AC1 /* Account.swift */; };
		AC191AA52654A66100D59AC1 /* Account.swift in Sources */ = {isa = PBXBuildFile; fileRef = AC191AA32654A66100D59AC1 /* Account.swift */; };
		AC191AA62654A66100D59AC1 /* Account.swift in Sources */ = {isa = PBXBuildFile; fileRef = AC191AA32654A66100D59AC1 /* Account.swift */; };
		AC258F2E2646426B00D933F2 /* Tests_iOS.swift in Sources */ = {isa = PBXBuildFile; fileRef = AC258F2D2646426B00D933F2 /* Tests_iOS.swift */; };
		AC258F392646426B00D933F2 /* Tests_macOS.swift in Sources */ = {isa = PBXBuildFile; fileRef = AC258F382646426B00D933F2 /* Tests_macOS.swift */; };
		AC258F3B2646426B00D933F2 /* KYNDApp.swift in Sources */ = {isa = PBXBuildFile; fileRef = AC258F122646426900D933F2 /* KYNDApp.swift */; };
		AC258F3C2646426B00D933F2 /* KYNDApp.swift in Sources */ = {isa = PBXBuildFile; fileRef = AC258F122646426900D933F2 /* KYNDApp.swift */; };
		AC258F3D2646426B00D933F2 /* ContentView.swift in Sources */ = {isa = PBXBuildFile; fileRef = AC258F132646426900D933F2 /* ContentView.swift */; };
		AC258F3E2646426B00D933F2 /* ContentView.swift in Sources */ = {isa = PBXBuildFile; fileRef = AC258F132646426900D933F2 /* ContentView.swift */; };
		AC258F3F2646426B00D933F2 /* Assets.xcassets in Resources */ = {isa = PBXBuildFile; fileRef = AC258F142646426B00D933F2 /* Assets.xcassets */; };
		AC258F402646426B00D933F2 /* Assets.xcassets in Resources */ = {isa = PBXBuildFile; fileRef = AC258F142646426B00D933F2 /* Assets.xcassets */; };
		AC258F532647788A00D933F2 /* Launch Screen.storyboard in Resources */ = {isa = PBXBuildFile; fileRef = AC258F522647788A00D933F2 /* Launch Screen.storyboard */; };
		AC258F542647788A00D933F2 /* Launch Screen.storyboard in Resources */ = {isa = PBXBuildFile; fileRef = AC258F522647788A00D933F2 /* Launch Screen.storyboard */; };
		AC258F572647800700D933F2 /* Tabbar.swift in Sources */ = {isa = PBXBuildFile; fileRef = AC258F562647800700D933F2 /* Tabbar.swift */; };
		AC258F582647800700D933F2 /* Tabbar.swift in Sources */ = {isa = PBXBuildFile; fileRef = AC258F562647800700D933F2 /* Tabbar.swift */; };
		AC258F5A26478A2800D933F2 /* HomeView.swift in Sources */ = {isa = PBXBuildFile; fileRef = AC258F5926478A2800D933F2 /* HomeView.swift */; };
		AC258F5B26478A2800D933F2 /* HomeView.swift in Sources */ = {isa = PBXBuildFile; fileRef = AC258F5926478A2800D933F2 /* HomeView.swift */; };
		AC258F5D26478A5200D933F2 /* NotifsView.swift in Sources */ = {isa = PBXBuildFile; fileRef = AC258F5C26478A5200D933F2 /* NotifsView.swift */; };
		AC258F5E26478A5200D933F2 /* NotifsView.swift in Sources */ = {isa = PBXBuildFile; fileRef = AC258F5C26478A5200D933F2 /* NotifsView.swift */; };
		AC258F6026478A8300D933F2 /* WalletView.swift in Sources */ = {isa = PBXBuildFile; fileRef = AC258F5F26478A8300D933F2 /* WalletView.swift */; };
		AC258F6126478A8300D933F2 /* WalletView.swift in Sources */ = {isa = PBXBuildFile; fileRef = AC258F5F26478A8300D933F2 /* WalletView.swift */; };
		AC258F6326478A9400D933F2 /* ProfileView.swift in Sources */ = {isa = PBXBuildFile; fileRef = AC258F6226478A9400D933F2 /* ProfileView.swift */; };
		AC258F6426478A9400D933F2 /* ProfileView.swift in Sources */ = {isa = PBXBuildFile; fileRef = AC258F6226478A9400D933F2 /* ProfileView.swift */; };
		AC258F67264791DE00D933F2 /* Tabbar.swift in Sources */ = {isa = PBXBuildFile; fileRef = AC258F562647800700D933F2 /* Tabbar.swift */; };
		AC258F68264791E800D933F2 /* NotifsView.swift in Sources */ = {isa = PBXBuildFile; fileRef = AC258F5C26478A5200D933F2 /* NotifsView.swift */; };
		AC258F69264791E800D933F2 /* ProfileView.swift in Sources */ = {isa = PBXBuildFile; fileRef = AC258F6226478A9400D933F2 /* ProfileView.swift */; };
		AC258F6A264791E800D933F2 /* WalletView.swift in Sources */ = {isa = PBXBuildFile; fileRef = AC258F5F26478A8300D933F2 /* WalletView.swift */; };
		AC258F6B264791E800D933F2 /* HomeView.swift in Sources */ = {isa = PBXBuildFile; fileRef = AC258F5926478A2800D933F2 /* HomeView.swift */; };
		AC258F6E2647927B00D933F2 /* ViewInspector in Frameworks */ = {isa = PBXBuildFile; productRef = AC258F6D2647927B00D933F2 /* ViewInspector */; };
		ACC2FA6E2658ADDA004B9FA7 /* SendView.swift in Sources */ = {isa = PBXBuildFile; fileRef = ACC2FA6D2658ADDA004B9FA7 /* SendView.swift */; };
		ACC2FA6F2658ADDA004B9FA7 /* SendView.swift in Sources */ = {isa = PBXBuildFile; fileRef = ACC2FA6D2658ADDA004B9FA7 /* SendView.swift */; };
		ACC2FA702658ADDA004B9FA7 /* SendView.swift in Sources */ = {isa = PBXBuildFile; fileRef = ACC2FA6D2658ADDA004B9FA7 /* SendView.swift */; };
		ACC2FA722659E883004B9FA7 /* TransactionView.swift in Sources */ = {isa = PBXBuildFile; fileRef = ACC2FA712659E883004B9FA7 /* TransactionView.swift */; };
		ACC2FA732659E883004B9FA7 /* TransactionView.swift in Sources */ = {isa = PBXBuildFile; fileRef = ACC2FA712659E883004B9FA7 /* TransactionView.swift */; };
		ACC2FA742659E883004B9FA7 /* TransactionView.swift in Sources */ = {isa = PBXBuildFile; fileRef = ACC2FA712659E883004B9FA7 /* TransactionView.swift */; };
		ACC2FA77265AD192004B9FA7 /* Double+Extension.swift in Sources */ = {isa = PBXBuildFile; fileRef = ACC2FA76265AD192004B9FA7 /* Double+Extension.swift */; };
		ACC2FA78265AD192004B9FA7 /* Double+Extension.swift in Sources */ = {isa = PBXBuildFile; fileRef = ACC2FA76265AD192004B9FA7 /* Double+Extension.swift */; };
		ACC2FA79265AD192004B9FA7 /* Double+Extension.swift in Sources */ = {isa = PBXBuildFile; fileRef = ACC2FA76265AD192004B9FA7 /* Double+Extension.swift */; };
		ACC2FA7B265AD2C6004B9FA7 /* Date+Extension.swift in Sources */ = {isa = PBXBuildFile; fileRef = ACC2FA7A265AD2C6004B9FA7 /* Date+Extension.swift */; };
		ACC2FA7C265AD2C6004B9FA7 /* Date+Extension.swift in Sources */ = {isa = PBXBuildFile; fileRef = ACC2FA7A265AD2C6004B9FA7 /* Date+Extension.swift */; };
		ACC2FA7D265AD2C6004B9FA7 /* Date+Extension.swift in Sources */ = {isa = PBXBuildFile; fileRef = ACC2FA7A265AD2C6004B9FA7 /* Date+Extension.swift */; };
		ACC2FA80265AD790004B9FA7 /* Notification.swift in Sources */ = {isa = PBXBuildFile; fileRef = ACC2FA7F265AD790004B9FA7 /* Notification.swift */; };
		ACC2FA81265AD790004B9FA7 /* Notification.swift in Sources */ = {isa = PBXBuildFile; fileRef = ACC2FA7F265AD790004B9FA7 /* Notification.swift */; };
		ACC2FA82265AD790004B9FA7 /* Notification.swift in Sources */ = {isa = PBXBuildFile; fileRef = ACC2FA7F265AD790004B9FA7 /* Notification.swift */; };
		ACC2FA84265ADDFB004B9FA7 /* String+Extension.swift in Sources */ = {isa = PBXBuildFile; fileRef = ACC2FA83265ADDFB004B9FA7 /* String+Extension.swift */; };
		ACC2FA85265ADDFB004B9FA7 /* String+Extension.swift in Sources */ = {isa = PBXBuildFile; fileRef = ACC2FA83265ADDFB004B9FA7 /* String+Extension.swift */; };
		ACC2FA86265ADDFB004B9FA7 /* String+Extension.swift in Sources */ = {isa = PBXBuildFile; fileRef = ACC2FA83265ADDFB004B9FA7 /* String+Extension.swift */; };
		ACC2FA89265AF269004B9FA7 /* Post.swift in Sources */ = {isa = PBXBuildFile; fileRef = ACC2FA88265AF269004B9FA7 /* Post.swift */; };
		ACC2FA8A265AF269004B9FA7 /* Post.swift in Sources */ = {isa = PBXBuildFile; fileRef = ACC2FA88265AF269004B9FA7 /* Post.swift */; };
		ACC2FA8B265AF269004B9FA7 /* Post.swift in Sources */ = {isa = PBXBuildFile; fileRef = ACC2FA88265AF269004B9FA7 /* Post.swift */; };
/* End PBXBuildFile section */

/* Begin PBXContainerItemProxy section */
		AC258F2A2646426B00D933F2 /* PBXContainerItemProxy */ = {
			isa = PBXContainerItemProxy;
			containerPortal = AC258F0D2646426900D933F2 /* Project object */;
			proxyType = 1;
			remoteGlobalIDString = AC258F182646426B00D933F2;
			remoteInfo = "KYND (iOS)";
		};
		AC258F352646426B00D933F2 /* PBXContainerItemProxy */ = {
			isa = PBXContainerItemProxy;
			containerPortal = AC258F0D2646426900D933F2 /* Project object */;
			proxyType = 1;
			remoteGlobalIDString = AC258F202646426B00D933F2;
			remoteInfo = "KYND (macOS)";
		};
/* End PBXContainerItemProxy section */

/* Begin PBXFileReference section */
		AC191A9A26536DAE00D59AC1 /* ReceiveView.swift */ = {isa = PBXFileReference; lastKnownFileType = sourcecode.swift; path = ReceiveView.swift; sourceTree = "<group>"; };
		AC191A9F26536E3300D59AC1 /* Transaction.swift */ = {isa = PBXFileReference; lastKnownFileType = sourcecode.swift; path = Transaction.swift; sourceTree = "<group>"; };
		AC191AA32654A66100D59AC1 /* Account.swift */ = {isa = PBXFileReference; lastKnownFileType = sourcecode.swift; path = Account.swift; sourceTree = "<group>"; };
		AC258F122646426900D933F2 /* KYNDApp.swift */ = {isa = PBXFileReference; lastKnownFileType = sourcecode.swift; path = KYNDApp.swift; sourceTree = "<group>"; };
		AC258F132646426900D933F2 /* ContentView.swift */ = {isa = PBXFileReference; lastKnownFileType = sourcecode.swift; path = ContentView.swift; sourceTree = "<group>"; };
		AC258F142646426B00D933F2 /* Assets.xcassets */ = {isa = PBXFileReference; lastKnownFileType = folder.assetcatalog; path = Assets.xcassets; sourceTree = "<group>"; };
		AC258F192646426B00D933F2 /* KYND.app */ = {isa = PBXFileReference; explicitFileType = wrapper.application; includeInIndex = 0; path = KYND.app; sourceTree = BUILT_PRODUCTS_DIR; };
		AC258F1C2646426B00D933F2 /* Info.plist */ = {isa = PBXFileReference; lastKnownFileType = text.plist.xml; path = Info.plist; sourceTree = "<group>"; };
		AC258F212646426B00D933F2 /* KYND.app */ = {isa = PBXFileReference; explicitFileType = wrapper.application; includeInIndex = 0; path = KYND.app; sourceTree = BUILT_PRODUCTS_DIR; };
		AC258F232646426B00D933F2 /* Info.plist */ = {isa = PBXFileReference; lastKnownFileType = text.plist.xml; path = Info.plist; sourceTree = "<group>"; };
		AC258F242646426B00D933F2 /* macOS.entitlements */ = {isa = PBXFileReference; lastKnownFileType = text.plist.entitlements; path = macOS.entitlements; sourceTree = "<group>"; };
		AC258F292646426B00D933F2 /* Tests iOS.xctest */ = {isa = PBXFileReference; explicitFileType = wrapper.cfbundle; includeInIndex = 0; path = "Tests iOS.xctest"; sourceTree = BUILT_PRODUCTS_DIR; };
		AC258F2D2646426B00D933F2 /* Tests_iOS.swift */ = {isa = PBXFileReference; lastKnownFileType = sourcecode.swift; path = Tests_iOS.swift; sourceTree = "<group>"; };
		AC258F2F2646426B00D933F2 /* Info.plist */ = {isa = PBXFileReference; lastKnownFileType = text.plist.xml; path = Info.plist; sourceTree = "<group>"; };
		AC258F342646426B00D933F2 /* Tests macOS.xctest */ = {isa = PBXFileReference; explicitFileType = wrapper.cfbundle; includeInIndex = 0; path = "Tests macOS.xctest"; sourceTree = BUILT_PRODUCTS_DIR; };
		AC258F382646426B00D933F2 /* Tests_macOS.swift */ = {isa = PBXFileReference; lastKnownFileType = sourcecode.swift; path = Tests_macOS.swift; sourceTree = "<group>"; };
		AC258F3A2646426B00D933F2 /* Info.plist */ = {isa = PBXFileReference; lastKnownFileType = text.plist.xml; path = Info.plist; sourceTree = "<group>"; };
		AC258F522647788A00D933F2 /* Launch Screen.storyboard */ = {isa = PBXFileReference; lastKnownFileType = file.storyboard; path = "Launch Screen.storyboard"; sourceTree = "<group>"; };
		AC258F562647800700D933F2 /* Tabbar.swift */ = {isa = PBXFileReference; lastKnownFileType = sourcecode.swift; path = Tabbar.swift; sourceTree = "<group>"; };
		AC258F5926478A2800D933F2 /* HomeView.swift */ = {isa = PBXFileReference; lastKnownFileType = sourcecode.swift; path = HomeView.swift; sourceTree = "<group>"; };
		AC258F5C26478A5200D933F2 /* NotifsView.swift */ = {isa = PBXFileReference; lastKnownFileType = sourcecode.swift; path = NotifsView.swift; sourceTree = "<group>"; };
		AC258F5F26478A8300D933F2 /* WalletView.swift */ = {isa = PBXFileReference; lastKnownFileType = sourcecode.swift; path = WalletView.swift; sourceTree = "<group>"; };
		AC258F6226478A9400D933F2 /* ProfileView.swift */ = {isa = PBXFileReference; lastKnownFileType = sourcecode.swift; path = ProfileView.swift; sourceTree = "<group>"; };
		ACC2FA6D2658ADDA004B9FA7 /* SendView.swift */ = {isa = PBXFileReference; lastKnownFileType = sourcecode.swift; path = SendView.swift; sourceTree = "<group>"; };
		ACC2FA712659E883004B9FA7 /* TransactionView.swift */ = {isa = PBXFileReference; lastKnownFileType = sourcecode.swift; path = TransactionView.swift; sourceTree = "<group>"; };
		ACC2FA76265AD192004B9FA7 /* Double+Extension.swift */ = {isa = PBXFileReference; lastKnownFileType = sourcecode.swift; path = "Double+Extension.swift"; sourceTree = "<group>"; };
		ACC2FA7A265AD2C6004B9FA7 /* Date+Extension.swift */ = {isa = PBXFileReference; lastKnownFileType = sourcecode.swift; path = "Date+Extension.swift"; sourceTree = "<group>"; };
		ACC2FA7F265AD790004B9FA7 /* Notification.swift */ = {isa = PBXFileReference; lastKnownFileType = sourcecode.swift; path = Notification.swift; sourceTree = "<group>"; };
		ACC2FA83265ADDFB004B9FA7 /* String+Extension.swift */ = {isa = PBXFileReference; lastKnownFileType = sourcecode.swift; path = "String+Extension.swift"; sourceTree = "<group>"; };
		ACC2FA88265AF269004B9FA7 /* Post.swift */ = {isa = PBXFileReference; lastKnownFileType = sourcecode.swift; path = Post.swift; sourceTree = "<group>"; };
/* End PBXFileReference section */

/* Begin PBXFrameworksBuildPhase section */
		AC258F162646426B00D933F2 /* Frameworks */ = {
			isa = PBXFrameworksBuildPhase;
			buildActionMask = 2147483647;
			files = (
			);
			runOnlyForDeploymentPostprocessing = 0;
		};
		AC258F1E2646426B00D933F2 /* Frameworks */ = {
			isa = PBXFrameworksBuildPhase;
			buildActionMask = 2147483647;
			files = (
			);
			runOnlyForDeploymentPostprocessing = 0;
		};
		AC258F262646426B00D933F2 /* Frameworks */ = {
			isa = PBXFrameworksBuildPhase;
			buildActionMask = 2147483647;
			files = (
				AC258F6E2647927B00D933F2 /* ViewInspector in Frameworks */,
			);
			runOnlyForDeploymentPostprocessing = 0;
		};
		AC258F312646426B00D933F2 /* Frameworks */ = {
			isa = PBXFrameworksBuildPhase;
			buildActionMask = 2147483647;
			files = (
			);
			runOnlyForDeploymentPostprocessing = 0;
		};
/* End PBXFrameworksBuildPhase section */

/* Begin PBXGroup section */
		AC191A9926536D8600D59AC1 /* Wallet */ = {
			isa = PBXGroup;
			children = (
				AC258F5F26478A8300D933F2 /* WalletView.swift */,
				AC191A9A26536DAE00D59AC1 /* ReceiveView.swift */,
				ACC2FA6D2658ADDA004B9FA7 /* SendView.swift */,
				ACC2FA712659E883004B9FA7 /* TransactionView.swift */,
			);
			path = Wallet;
			sourceTree = "<group>";
		};
		AC191A9E26536E1E00D59AC1 /* Models */ = {
			isa = PBXGroup;
			children = (
				AC191A9F26536E3300D59AC1 /* Transaction.swift */,
				AC191AA32654A66100D59AC1 /* Account.swift */,
				ACC2FA7F265AD790004B9FA7 /* Notification.swift */,
				ACC2FA88265AF269004B9FA7 /* Post.swift */,
			);
			path = Models;
			sourceTree = "<group>";
		};
		AC258F0C2646426900D933F2 = {
			isa = PBXGroup;
			children = (
				AC258F112646426900D933F2 /* Shared */,
				AC258F1B2646426B00D933F2 /* iOS */,
				AC258F222646426B00D933F2 /* macOS */,
				AC258F2C2646426B00D933F2 /* Tests iOS */,
				AC258F372646426B00D933F2 /* Tests macOS */,
				AC258F1A2646426B00D933F2 /* Products */,
			);
			sourceTree = "<group>";
		};
		AC258F112646426900D933F2 /* Shared */ = {
			isa = PBXGroup;
			children = (
				ACC2FA75265AD178004B9FA7 /* Extensions */,
				AC191A9E26536E1E00D59AC1 /* Models */,
				AC258F5526477FD300D933F2 /* Views */,
				AC258F122646426900D933F2 /* KYNDApp.swift */,
				AC258F132646426900D933F2 /* ContentView.swift */,
				AC258F142646426B00D933F2 /* Assets.xcassets */,
				AC258F522647788A00D933F2 /* Launch Screen.storyboard */,
			);
			path = Shared;
			sourceTree = "<group>";
		};
		AC258F1A2646426B00D933F2 /* Products */ = {
			isa = PBXGroup;
			children = (
				AC258F192646426B00D933F2 /* KYND.app */,
				AC258F212646426B00D933F2 /* KYND.app */,
				AC258F292646426B00D933F2 /* Tests iOS.xctest */,
				AC258F342646426B00D933F2 /* Tests macOS.xctest */,
			);
			name = Products;
			sourceTree = "<group>";
		};
		AC258F1B2646426B00D933F2 /* iOS */ = {
			isa = PBXGroup;
			children = (
				AC258F1C2646426B00D933F2 /* Info.plist */,
			);
			path = iOS;
			sourceTree = "<group>";
		};
		AC258F222646426B00D933F2 /* macOS */ = {
			isa = PBXGroup;
			children = (
				AC258F232646426B00D933F2 /* Info.plist */,
				AC258F242646426B00D933F2 /* macOS.entitlements */,
			);
			path = macOS;
			sourceTree = "<group>";
		};
		AC258F2C2646426B00D933F2 /* Tests iOS */ = {
			isa = PBXGroup;
			children = (
				AC258F2D2646426B00D933F2 /* Tests_iOS.swift */,
				AC258F2F2646426B00D933F2 /* Info.plist */,
			);
			path = "Tests iOS";
			sourceTree = "<group>";
		};
		AC258F372646426B00D933F2 /* Tests macOS */ = {
			isa = PBXGroup;
			children = (
				AC258F382646426B00D933F2 /* Tests_macOS.swift */,
				AC258F3A2646426B00D933F2 /* Info.plist */,
			);
			path = "Tests macOS";
			sourceTree = "<group>";
		};
		AC258F5526477FD300D933F2 /* Views */ = {
			isa = PBXGroup;
			children = (
				ACC2FA87265AF041004B9FA7 /* Profile */,
				ACC2FA7E265AD74C004B9FA7 /* Notification */,
				AC191A9926536D8600D59AC1 /* Wallet */,
				AC258F562647800700D933F2 /* Tabbar.swift */,
				AC258F5926478A2800D933F2 /* HomeView.swift */,
			);
			path = Views;
			sourceTree = "<group>";
		};
		ACC2FA75265AD178004B9FA7 /* Extensions */ = {
			isa = PBXGroup;
			children = (
				ACC2FA76265AD192004B9FA7 /* Double+Extension.swift */,
				ACC2FA7A265AD2C6004B9FA7 /* Date+Extension.swift */,
				ACC2FA83265ADDFB004B9FA7 /* String+Extension.swift */,
			);
			path = Extensions;
			sourceTree = "<group>";
		};
		ACC2FA7E265AD74C004B9FA7 /* Notification */ = {
			isa = PBXGroup;
			children = (
				AC258F5C26478A5200D933F2 /* NotifsView.swift */,
			);
			path = Notification;
			sourceTree = "<group>";
		};
		ACC2FA87265AF041004B9FA7 /* Profile */ = {
			isa = PBXGroup;
			children = (
				AC258F6226478A9400D933F2 /* ProfileView.swift */,
			);
			path = Profile;
			sourceTree = "<group>";
		};
/* End PBXGroup section */

/* Begin PBXNativeTarget section */
		AC258F182646426B00D933F2 /* KYND (iOS) */ = {
			isa = PBXNativeTarget;
			buildConfigurationList = AC258F432646426B00D933F2 /* Build configuration list for PBXNativeTarget "KYND (iOS)" */;
			buildPhases = (
				AC258F152646426B00D933F2 /* Sources */,
				AC258F162646426B00D933F2 /* Frameworks */,
				AC258F172646426B00D933F2 /* Resources */,
			);
			buildRules = (
			);
			dependencies = (
			);
			name = "KYND (iOS)";
			productName = "KYND (iOS)";
			productReference = AC258F192646426B00D933F2 /* KYND.app */;
			productType = "com.apple.product-type.application";
		};
		AC258F202646426B00D933F2 /* KYND (macOS) */ = {
			isa = PBXNativeTarget;
			buildConfigurationList = AC258F462646426B00D933F2 /* Build configuration list for PBXNativeTarget "KYND (macOS)" */;
			buildPhases = (
				AC258F1D2646426B00D933F2 /* Sources */,
				AC258F1E2646426B00D933F2 /* Frameworks */,
				AC258F1F2646426B00D933F2 /* Resources */,
			);
			buildRules = (
			);
			dependencies = (
			);
			name = "KYND (macOS)";
			productName = "KYND (macOS)";
			productReference = AC258F212646426B00D933F2 /* KYND.app */;
			productType = "com.apple.product-type.application";
		};
		AC258F282646426B00D933F2 /* Tests iOS */ = {
			isa = PBXNativeTarget;
			buildConfigurationList = AC258F492646426B00D933F2 /* Build configuration list for PBXNativeTarget "Tests iOS" */;
			buildPhases = (
				AC258F252646426B00D933F2 /* Sources */,
				AC258F262646426B00D933F2 /* Frameworks */,
				AC258F272646426B00D933F2 /* Resources */,
			);
			buildRules = (
			);
			dependencies = (
				AC258F2B2646426B00D933F2 /* PBXTargetDependency */,
			);
			name = "Tests iOS";
			packageProductDependencies = (
				AC258F6D2647927B00D933F2 /* ViewInspector */,
			);
			productName = "Tests iOS";
			productReference = AC258F292646426B00D933F2 /* Tests iOS.xctest */;
			productType = "com.apple.product-type.bundle.ui-testing";
		};
		AC258F332646426B00D933F2 /* Tests macOS */ = {
			isa = PBXNativeTarget;
			buildConfigurationList = AC258F4C2646426B00D933F2 /* Build configuration list for PBXNativeTarget "Tests macOS" */;
			buildPhases = (
				AC258F302646426B00D933F2 /* Sources */,
				AC258F312646426B00D933F2 /* Frameworks */,
				AC258F322646426B00D933F2 /* Resources */,
			);
			buildRules = (
			);
			dependencies = (
				AC258F362646426B00D933F2 /* PBXTargetDependency */,
			);
			name = "Tests macOS";
			productName = "Tests macOS";
			productReference = AC258F342646426B00D933F2 /* Tests macOS.xctest */;
			productType = "com.apple.product-type.bundle.ui-testing";
		};
/* End PBXNativeTarget section */

/* Begin PBXProject section */
		AC258F0D2646426900D933F2 /* Project object */ = {
			isa = PBXProject;
			attributes = {
				LastSwiftUpdateCheck = 1250;
				LastUpgradeCheck = 1250;
				TargetAttributes = {
					AC258F182646426B00D933F2 = {
						CreatedOnToolsVersion = 12.5;
					};
					AC258F202646426B00D933F2 = {
						CreatedOnToolsVersion = 12.5;
					};
					AC258F282646426B00D933F2 = {
						CreatedOnToolsVersion = 12.5;
						TestTargetID = AC258F182646426B00D933F2;
					};
					AC258F332646426B00D933F2 = {
						CreatedOnToolsVersion = 12.5;
						TestTargetID = AC258F202646426B00D933F2;
					};
				};
			};
			buildConfigurationList = AC258F102646426900D933F2 /* Build configuration list for PBXProject "KYND" */;
			compatibilityVersion = "Xcode 9.3";
			developmentRegion = en;
			hasScannedForEncodings = 0;
			knownRegions = (
				en,
				Base,
			);
			mainGroup = AC258F0C2646426900D933F2;
			packageReferences = (
				AC258F6C2647927B00D933F2 /* XCRemoteSwiftPackageReference "ViewInspector" */,
			);
			productRefGroup = AC258F1A2646426B00D933F2 /* Products */;
			projectDirPath = "";
			projectRoot = "";
			targets = (
				AC258F182646426B00D933F2 /* KYND (iOS) */,
				AC258F202646426B00D933F2 /* KYND (macOS) */,
				AC258F282646426B00D933F2 /* Tests iOS */,
				AC258F332646426B00D933F2 /* Tests macOS */,
			);
		};
/* End PBXProject section */

/* Begin PBXResourcesBuildPhase section */
		AC258F172646426B00D933F2 /* Resources */ = {
			isa = PBXResourcesBuildPhase;
			buildActionMask = 2147483647;
			files = (
				AC258F532647788A00D933F2 /* Launch Screen.storyboard in Resources */,
				AC258F3F2646426B00D933F2 /* Assets.xcassets in Resources */,
			);
			runOnlyForDeploymentPostprocessing = 0;
		};
		AC258F1F2646426B00D933F2 /* Resources */ = {
			isa = PBXResourcesBuildPhase;
			buildActionMask = 2147483647;
			files = (
				AC258F542647788A00D933F2 /* Launch Screen.storyboard in Resources */,
				AC258F402646426B00D933F2 /* Assets.xcassets in Resources */,
			);
			runOnlyForDeploymentPostprocessing = 0;
		};
		AC258F272646426B00D933F2 /* Resources */ = {
			isa = PBXResourcesBuildPhase;
			buildActionMask = 2147483647;
			files = (
			);
			runOnlyForDeploymentPostprocessing = 0;
		};
		AC258F322646426B00D933F2 /* Resources */ = {
			isa = PBXResourcesBuildPhase;
			buildActionMask = 2147483647;
			files = (
			);
			runOnlyForDeploymentPostprocessing = 0;
		};
/* End PBXResourcesBuildPhase section */

/* Begin PBXSourcesBuildPhase section */
		AC258F152646426B00D933F2 /* Sources */ = {
			isa = PBXSourcesBuildPhase;
			buildActionMask = 2147483647;
			files = (
				AC258F5D26478A5200D933F2 /* NotifsView.swift in Sources */,
				ACC2FA77265AD192004B9FA7 /* Double+Extension.swift in Sources */,
				AC258F572647800700D933F2 /* Tabbar.swift in Sources */,
				AC191A9B26536DAE00D59AC1 /* ReceiveView.swift in Sources */,
				ACC2FA89265AF269004B9FA7 /* Post.swift in Sources */,
				AC258F5A26478A2800D933F2 /* HomeView.swift in Sources */,
				AC258F3D2646426B00D933F2 /* ContentView.swift in Sources */,
				ACC2FA722659E883004B9FA7 /* TransactionView.swift in Sources */,
				AC191AA42654A66100D59AC1 /* Account.swift in Sources */,
				AC258F3B2646426B00D933F2 /* KYNDApp.swift in Sources */,
				AC258F6326478A9400D933F2 /* ProfileView.swift in Sources */,
				ACC2FA6E2658ADDA004B9FA7 /* SendView.swift in Sources */,
				ACC2FA80265AD790004B9FA7 /* Notification.swift in Sources */,
				ACC2FA7B265AD2C6004B9FA7 /* Date+Extension.swift in Sources */,
				AC258F6026478A8300D933F2 /* WalletView.swift in Sources */,
				ACC2FA84265ADDFB004B9FA7 /* String+Extension.swift in Sources */,
				AC191AA026536E3300D59AC1 /* Transaction.swift in Sources */,
			);
			runOnlyForDeploymentPostprocessing = 0;
		};
		AC258F1D2646426B00D933F2 /* Sources */ = {
			isa = PBXSourcesBuildPhase;
			buildActionMask = 2147483647;
			files = (
				AC258F5E26478A5200D933F2 /* NotifsView.swift in Sources */,
				ACC2FA78265AD192004B9FA7 /* Double+Extension.swift in Sources */,
				AC258F582647800700D933F2 /* Tabbar.swift in Sources */,
				AC191A9C26536DAE00D59AC1 /* ReceiveView.swift in Sources */,
				ACC2FA8A265AF269004B9FA7 /* Post.swift in Sources */,
				AC258F5B26478A2800D933F2 /* HomeView.swift in Sources */,
				AC258F3E2646426B00D933F2 /* ContentView.swift in Sources */,
				ACC2FA732659E883004B9FA7 /* TransactionView.swift in Sources */,
				AC191AA52654A66100D59AC1 /* Account.swift in Sources */,
				AC258F3C2646426B00D933F2 /* KYNDApp.swift in Sources */,
				AC258F6426478A9400D933F2 /* ProfileView.swift in Sources */,
				ACC2FA6F2658ADDA004B9FA7 /* SendView.swift in Sources */,
				ACC2FA81265AD790004B9FA7 /* Notification.swift in Sources */,
				ACC2FA7C265AD2C6004B9FA7 /* Date+Extension.swift in Sources */,
				AC258F6126478A8300D933F2 /* WalletView.swift in Sources */,
				ACC2FA85265ADDFB004B9FA7 /* String+Extension.swift in Sources */,
				AC191AA126536E3300D59AC1 /* Transaction.swift in Sources */,
			);
			runOnlyForDeploymentPostprocessing = 0;
		};
		AC258F252646426B00D933F2 /* Sources */ = {
			isa = PBXSourcesBuildPhase;
			buildActionMask = 2147483647;
			files = (
				ACC2FA79265AD192004B9FA7 /* Double+Extension.swift in Sources */,
				AC258F67264791DE00D933F2 /* Tabbar.swift in Sources */,
				ACC2FA7D265AD2C6004B9FA7 /* Date+Extension.swift in Sources */,
				AC191A9D26536DAE00D59AC1 /* ReceiveView.swift in Sources */,
				AC191AA226536E3300D59AC1 /* Transaction.swift in Sources */,
				AC258F6B264791E800D933F2 /* HomeView.swift in Sources */,
				AC258F68264791E800D933F2 /* NotifsView.swift in Sources */,
				ACC2FA742659E883004B9FA7 /* TransactionView.swift in Sources */,
				AC191AA62654A66100D59AC1 /* Account.swift in Sources */,
				AC258F69264791E800D933F2 /* ProfileView.swift in Sources */,
				ACC2FA82265AD790004B9FA7 /* Notification.swift in Sources */,
				ACC2FA8B265AF269004B9FA7 /* Post.swift in Sources */,
				AC258F2E2646426B00D933F2 /* Tests_iOS.swift in Sources */,
				ACC2FA86265ADDFB004B9FA7 /* String+Extension.swift in Sources */,
				ACC2FA702658ADDA004B9FA7 /* SendView.swift in Sources */,
				AC258F6A264791E800D933F2 /* WalletView.swift in Sources */,
			);
			runOnlyForDeploymentPostprocessing = 0;
		};
		AC258F302646426B00D933F2 /* Sources */ = {
			isa = PBXSourcesBuildPhase;
			buildActionMask = 2147483647;
			files = (
				AC258F392646426B00D933F2 /* Tests_macOS.swift in Sources */,
			);
			runOnlyForDeploymentPostprocessing = 0;
		};
/* End PBXSourcesBuildPhase section */

/* Begin PBXTargetDependency section */
		AC258F2B2646426B00D933F2 /* PBXTargetDependency */ = {
			isa = PBXTargetDependency;
			target = AC258F182646426B00D933F2 /* KYND (iOS) */;
			targetProxy = AC258F2A2646426B00D933F2 /* PBXContainerItemProxy */;
		};
		AC258F362646426B00D933F2 /* PBXTargetDependency */ = {
			isa = PBXTargetDependency;
			target = AC258F202646426B00D933F2 /* KYND (macOS) */;
			targetProxy = AC258F352646426B00D933F2 /* PBXContainerItemProxy */;
		};
/* End PBXTargetDependency section */

/* Begin XCBuildConfiguration section */
		AC258F412646426B00D933F2 /* Debug */ = {
			isa = XCBuildConfiguration;
			buildSettings = {
				ALWAYS_SEARCH_USER_PATHS = NO;
				CLANG_ANALYZER_NONNULL = YES;
				CLANG_ANALYZER_NUMBER_OBJECT_CONVERSION = YES_AGGRESSIVE;
				CLANG_CXX_LANGUAGE_STANDARD = "gnu++14";
				CLANG_CXX_LIBRARY = "libc++";
				CLANG_ENABLE_MODULES = YES;
				CLANG_ENABLE_OBJC_ARC = YES;
				CLANG_ENABLE_OBJC_WEAK = YES;
				CLANG_WARN_BLOCK_CAPTURE_AUTORELEASING = YES;
				CLANG_WARN_BOOL_CONVERSION = YES;
				CLANG_WARN_COMMA = YES;
				CLANG_WARN_CONSTANT_CONVERSION = YES;
				CLANG_WARN_DEPRECATED_OBJC_IMPLEMENTATIONS = YES;
				CLANG_WARN_DIRECT_OBJC_ISA_USAGE = YES_ERROR;
				CLANG_WARN_DOCUMENTATION_COMMENTS = YES;
				CLANG_WARN_EMPTY_BODY = YES;
				CLANG_WARN_ENUM_CONVERSION = YES;
				CLANG_WARN_INFINITE_RECURSION = YES;
				CLANG_WARN_INT_CONVERSION = YES;
				CLANG_WARN_NON_LITERAL_NULL_CONVERSION = YES;
				CLANG_WARN_OBJC_IMPLICIT_RETAIN_SELF = YES;
				CLANG_WARN_OBJC_LITERAL_CONVERSION = YES;
				CLANG_WARN_OBJC_ROOT_CLASS = YES_ERROR;
				CLANG_WARN_QUOTED_INCLUDE_IN_FRAMEWORK_HEADER = YES;
				CLANG_WARN_RANGE_LOOP_ANALYSIS = YES;
				CLANG_WARN_STRICT_PROTOTYPES = YES;
				CLANG_WARN_SUSPICIOUS_MOVE = YES;
				CLANG_WARN_UNGUARDED_AVAILABILITY = YES_AGGRESSIVE;
				CLANG_WARN_UNREACHABLE_CODE = YES;
				CLANG_WARN__DUPLICATE_METHOD_MATCH = YES;
				COPY_PHASE_STRIP = NO;
				DEBUG_INFORMATION_FORMAT = dwarf;
				ENABLE_STRICT_OBJC_MSGSEND = YES;
				ENABLE_TESTABILITY = YES;
				GCC_C_LANGUAGE_STANDARD = gnu11;
				GCC_DYNAMIC_NO_PIC = NO;
				GCC_NO_COMMON_BLOCKS = YES;
				GCC_OPTIMIZATION_LEVEL = 0;
				GCC_PREPROCESSOR_DEFINITIONS = (
					"DEBUG=1",
					"$(inherited)",
				);
				GCC_WARN_64_TO_32_BIT_CONVERSION = YES;
				GCC_WARN_ABOUT_RETURN_TYPE = YES_ERROR;
				GCC_WARN_UNDECLARED_SELECTOR = YES;
				GCC_WARN_UNINITIALIZED_AUTOS = YES_AGGRESSIVE;
				GCC_WARN_UNUSED_FUNCTION = YES;
				GCC_WARN_UNUSED_VARIABLE = YES;
				MTL_ENABLE_DEBUG_INFO = INCLUDE_SOURCE;
				MTL_FAST_MATH = YES;
				ONLY_ACTIVE_ARCH = YES;
				SWIFT_ACTIVE_COMPILATION_CONDITIONS = DEBUG;
				SWIFT_OPTIMIZATION_LEVEL = "-Onone";
			};
			name = Debug;
		};
		AC258F422646426B00D933F2 /* Release */ = {
			isa = XCBuildConfiguration;
			buildSettings = {
				ALWAYS_SEARCH_USER_PATHS = NO;
				CLANG_ANALYZER_NONNULL = YES;
				CLANG_ANALYZER_NUMBER_OBJECT_CONVERSION = YES_AGGRESSIVE;
				CLANG_CXX_LANGUAGE_STANDARD = "gnu++14";
				CLANG_CXX_LIBRARY = "libc++";
				CLANG_ENABLE_MODULES = YES;
				CLANG_ENABLE_OBJC_ARC = YES;
				CLANG_ENABLE_OBJC_WEAK = YES;
				CLANG_WARN_BLOCK_CAPTURE_AUTORELEASING = YES;
				CLANG_WARN_BOOL_CONVERSION = YES;
				CLANG_WARN_COMMA = YES;
				CLANG_WARN_CONSTANT_CONVERSION = YES;
				CLANG_WARN_DEPRECATED_OBJC_IMPLEMENTATIONS = YES;
				CLANG_WARN_DIRECT_OBJC_ISA_USAGE = YES_ERROR;
				CLANG_WARN_DOCUMENTATION_COMMENTS = YES;
				CLANG_WARN_EMPTY_BODY = YES;
				CLANG_WARN_ENUM_CONVERSION = YES;
				CLANG_WARN_INFINITE_RECURSION = YES;
				CLANG_WARN_INT_CONVERSION = YES;
				CLANG_WARN_NON_LITERAL_NULL_CONVERSION = YES;
				CLANG_WARN_OBJC_IMPLICIT_RETAIN_SELF = YES;
				CLANG_WARN_OBJC_LITERAL_CONVERSION = YES;
				CLANG_WARN_OBJC_ROOT_CLASS = YES_ERROR;
				CLANG_WARN_QUOTED_INCLUDE_IN_FRAMEWORK_HEADER = YES;
				CLANG_WARN_RANGE_LOOP_ANALYSIS = YES;
				CLANG_WARN_STRICT_PROTOTYPES = YES;
				CLANG_WARN_SUSPICIOUS_MOVE = YES;
				CLANG_WARN_UNGUARDED_AVAILABILITY = YES_AGGRESSIVE;
				CLANG_WARN_UNREACHABLE_CODE = YES;
				CLANG_WARN__DUPLICATE_METHOD_MATCH = YES;
				COPY_PHASE_STRIP = NO;
				DEBUG_INFORMATION_FORMAT = "dwarf-with-dsym";
				ENABLE_NS_ASSERTIONS = NO;
				ENABLE_STRICT_OBJC_MSGSEND = YES;
				GCC_C_LANGUAGE_STANDARD = gnu11;
				GCC_NO_COMMON_BLOCKS = YES;
				GCC_WARN_64_TO_32_BIT_CONVERSION = YES;
				GCC_WARN_ABOUT_RETURN_TYPE = YES_ERROR;
				GCC_WARN_UNDECLARED_SELECTOR = YES;
				GCC_WARN_UNINITIALIZED_AUTOS = YES_AGGRESSIVE;
				GCC_WARN_UNUSED_FUNCTION = YES;
				GCC_WARN_UNUSED_VARIABLE = YES;
				MTL_ENABLE_DEBUG_INFO = NO;
				MTL_FAST_MATH = YES;
				SWIFT_COMPILATION_MODE = wholemodule;
				SWIFT_OPTIMIZATION_LEVEL = "-O";
			};
			name = Release;
		};
		AC258F442646426B00D933F2 /* Debug */ = {
			isa = XCBuildConfiguration;
			buildSettings = {
				ASSETCATALOG_COMPILER_APPICON_NAME = AppIcon;
				ASSETCATALOG_COMPILER_GLOBAL_ACCENT_COLOR_NAME = AccentColor;
				CODE_SIGN_STYLE = Automatic;
				DEVELOPMENT_TEAM = QQALW399CP;
				ENABLE_PREVIEWS = YES;
				INFOPLIST_FILE = iOS/Info.plist;
				IPHONEOS_DEPLOYMENT_TARGET = 14.0;
				LD_RUNPATH_SEARCH_PATHS = (
					"$(inherited)",
					"@executable_path/Frameworks",
				);
				PRODUCT_BUNDLE_IDENTIFIER = patrickjohnson.KYND;
				PRODUCT_NAME = KYND;
				SDKROOT = iphoneos;
				SWIFT_VERSION = 5.0;
				TARGETED_DEVICE_FAMILY = 1;
			};
			name = Debug;
		};
		AC258F452646426B00D933F2 /* Release */ = {
			isa = XCBuildConfiguration;
			buildSettings = {
				ASSETCATALOG_COMPILER_APPICON_NAME = AppIcon;
				ASSETCATALOG_COMPILER_GLOBAL_ACCENT_COLOR_NAME = AccentColor;
				CODE_SIGN_STYLE = Automatic;
				DEVELOPMENT_TEAM = QQALW399CP;
				ENABLE_PREVIEWS = YES;
				INFOPLIST_FILE = iOS/Info.plist;
				IPHONEOS_DEPLOYMENT_TARGET = 14.0;
				LD_RUNPATH_SEARCH_PATHS = (
					"$(inherited)",
					"@executable_path/Frameworks",
				);
				PRODUCT_BUNDLE_IDENTIFIER = patrickjohnson.KYND;
				PRODUCT_NAME = KYND;
				SDKROOT = iphoneos;
				SWIFT_VERSION = 5.0;
				TARGETED_DEVICE_FAMILY = 1;
				VALIDATE_PRODUCT = YES;
			};
			name = Release;
		};
		AC258F472646426B00D933F2 /* Debug */ = {
			isa = XCBuildConfiguration;
			buildSettings = {
				ASSETCATALOG_COMPILER_APPICON_NAME = AppIcon;
				ASSETCATALOG_COMPILER_GLOBAL_ACCENT_COLOR_NAME = AccentColor;
				CODE_SIGN_ENTITLEMENTS = macOS/macOS.entitlements;
				CODE_SIGN_STYLE = Automatic;
				COMBINE_HIDPI_IMAGES = YES;
				DEVELOPMENT_TEAM = QQALW399CP;
				ENABLE_HARDENED_RUNTIME = YES;
				ENABLE_PREVIEWS = YES;
				INFOPLIST_FILE = macOS/Info.plist;
				LD_RUNPATH_SEARCH_PATHS = (
					"$(inherited)",
					"@executable_path/../Frameworks",
				);
				MACOSX_DEPLOYMENT_TARGET = 11.0;
				PRODUCT_BUNDLE_IDENTIFIER = patrickjohnson.KYND;
				PRODUCT_NAME = KYND;
				SDKROOT = macosx;
				SWIFT_VERSION = 5.0;
			};
			name = Debug;
		};
		AC258F482646426B00D933F2 /* Release */ = {
			isa = XCBuildConfiguration;
			buildSettings = {
				ASSETCATALOG_COMPILER_APPICON_NAME = AppIcon;
				ASSETCATALOG_COMPILER_GLOBAL_ACCENT_COLOR_NAME = AccentColor;
				CODE_SIGN_ENTITLEMENTS = macOS/macOS.entitlements;
				CODE_SIGN_STYLE = Automatic;
				COMBINE_HIDPI_IMAGES = YES;
				DEVELOPMENT_TEAM = QQALW399CP;
				ENABLE_HARDENED_RUNTIME = YES;
				ENABLE_PREVIEWS = YES;
				INFOPLIST_FILE = macOS/Info.plist;
				LD_RUNPATH_SEARCH_PATHS = (
					"$(inherited)",
					"@executable_path/../Frameworks",
				);
				MACOSX_DEPLOYMENT_TARGET = 11.0;
				PRODUCT_BUNDLE_IDENTIFIER = patrickjohnson.KYND;
				PRODUCT_NAME = KYND;
				SDKROOT = macosx;
				SWIFT_VERSION = 5.0;
			};
			name = Release;
		};
		AC258F4A2646426B00D933F2 /* Debug */ = {
			isa = XCBuildConfiguration;
			buildSettings = {
				ALWAYS_EMBED_SWIFT_STANDARD_LIBRARIES = YES;
				CODE_SIGN_STYLE = Automatic;
				DEVELOPMENT_TEAM = QQALW399CP;
				INFOPLIST_FILE = "Tests iOS/Info.plist";
				IPHONEOS_DEPLOYMENT_TARGET = 14.5;
				LD_RUNPATH_SEARCH_PATHS = (
					"$(inherited)",
					"@executable_path/Frameworks",
					"@loader_path/Frameworks",
				);
				PRODUCT_BUNDLE_IDENTIFIER = "patrickjohnson.Tests-iOS";
				PRODUCT_NAME = "$(TARGET_NAME)";
				SDKROOT = iphoneos;
				SWIFT_VERSION = 5.0;
				TARGETED_DEVICE_FAMILY = "1,2";
				TEST_TARGET_NAME = "KYND (iOS)";
			};
			name = Debug;
		};
		AC258F4B2646426B00D933F2 /* Release */ = {
			isa = XCBuildConfiguration;
			buildSettings = {
				ALWAYS_EMBED_SWIFT_STANDARD_LIBRARIES = YES;
				CODE_SIGN_STYLE = Automatic;
				DEVELOPMENT_TEAM = QQALW399CP;
				INFOPLIST_FILE = "Tests iOS/Info.plist";
				IPHONEOS_DEPLOYMENT_TARGET = 14.5;
				LD_RUNPATH_SEARCH_PATHS = (
					"$(inherited)",
					"@executable_path/Frameworks",
					"@loader_path/Frameworks",
				);
				PRODUCT_BUNDLE_IDENTIFIER = "patrickjohnson.Tests-iOS";
				PRODUCT_NAME = "$(TARGET_NAME)";
				SDKROOT = iphoneos;
				SWIFT_VERSION = 5.0;
				TARGETED_DEVICE_FAMILY = "1,2";
				TEST_TARGET_NAME = "KYND (iOS)";
				VALIDATE_PRODUCT = YES;
			};
			name = Release;
		};
		AC258F4D2646426B00D933F2 /* Debug */ = {
			isa = XCBuildConfiguration;
			buildSettings = {
				ALWAYS_EMBED_SWIFT_STANDARD_LIBRARIES = YES;
				CODE_SIGN_STYLE = Automatic;
				COMBINE_HIDPI_IMAGES = YES;
				DEVELOPMENT_TEAM = QQALW399CP;
				INFOPLIST_FILE = "Tests macOS/Info.plist";
				LD_RUNPATH_SEARCH_PATHS = (
					"$(inherited)",
					"@executable_path/../Frameworks",
					"@loader_path/../Frameworks",
				);
				MACOSX_DEPLOYMENT_TARGET = 11.2;
				PRODUCT_BUNDLE_IDENTIFIER = "patrickjohnson.Tests-macOS";
				PRODUCT_NAME = "$(TARGET_NAME)";
				SDKROOT = macosx;
				SWIFT_VERSION = 5.0;
				TEST_TARGET_NAME = "KYND (macOS)";
			};
			name = Debug;
		};
		AC258F4E2646426B00D933F2 /* Release */ = {
			isa = XCBuildConfiguration;
			buildSettings = {
				ALWAYS_EMBED_SWIFT_STANDARD_LIBRARIES = YES;
				CODE_SIGN_STYLE = Automatic;
				COMBINE_HIDPI_IMAGES = YES;
				DEVELOPMENT_TEAM = QQALW399CP;
				INFOPLIST_FILE = "Tests macOS/Info.plist";
				LD_RUNPATH_SEARCH_PATHS = (
					"$(inherited)",
					"@executable_path/../Frameworks",
					"@loader_path/../Frameworks",
				);
				MACOSX_DEPLOYMENT_TARGET = 11.2;
				PRODUCT_BUNDLE_IDENTIFIER = "patrickjohnson.Tests-macOS";
				PRODUCT_NAME = "$(TARGET_NAME)";
				SDKROOT = macosx;
				SWIFT_VERSION = 5.0;
				TEST_TARGET_NAME = "KYND (macOS)";
			};
			name = Release;
		};
/* End XCBuildConfiguration section */

/* Begin XCConfigurationList section */
		AC258F102646426900D933F2 /* Build configuration list for PBXProject "KYND" */ = {
			isa = XCConfigurationList;
			buildConfigurations = (
				AC258F412646426B00D933F2 /* Debug */,
				AC258F422646426B00D933F2 /* Release */,
			);
			defaultConfigurationIsVisible = 0;
			defaultConfigurationName = Release;
		};
		AC258F432646426B00D933F2 /* Build configuration list for PBXNativeTarget "KYND (iOS)" */ = {
			isa = XCConfigurationList;
			buildConfigurations = (
				AC258F442646426B00D933F2 /* Debug */,
				AC258F452646426B00D933F2 /* Release */,
			);
			defaultConfigurationIsVisible = 0;
			defaultConfigurationName = Release;
		};
		AC258F462646426B00D933F2 /* Build configuration list for PBXNativeTarget "KYND (macOS)" */ = {
			isa = XCConfigurationList;
			buildConfigurations = (
				AC258F472646426B00D933F2 /* Debug */,
				AC258F482646426B00D933F2 /* Release */,
			);
			defaultConfigurationIsVisible = 0;
			defaultConfigurationName = Release;
		};
		AC258F492646426B00D933F2 /* Build configuration list for PBXNativeTarget "Tests iOS" */ = {
			isa = XCConfigurationList;
			buildConfigurations = (
				AC258F4A2646426B00D933F2 /* Debug */,
				AC258F4B2646426B00D933F2 /* Release */,
			);
			defaultConfigurationIsVisible = 0;
			defaultConfigurationName = Release;
		};
		AC258F4C2646426B00D933F2 /* Build configuration list for PBXNativeTarget "Tests macOS" */ = {
			isa = XCConfigurationList;
			buildConfigurations = (
				AC258F4D2646426B00D933F2 /* Debug */,
				AC258F4E2646426B00D933F2 /* Release */,
			);
			defaultConfigurationIsVisible = 0;
			defaultConfigurationName = Release;
		};
/* End XCConfigurationList section */

/* Begin XCRemoteSwiftPackageReference section */
		AC258F6C2647927B00D933F2 /* XCRemoteSwiftPackageReference "ViewInspector" */ = {
			isa = XCRemoteSwiftPackageReference;
			repositoryURL = "https://github.com/nalexn/ViewInspector";
			requirement = {
				kind = upToNextMajorVersion;
				minimumVersion = 0.7.5;
			};
		};
/* End XCRemoteSwiftPackageReference section */

/* Begin XCSwiftPackageProductDependency section */
		AC258F6D2647927B00D933F2 /* ViewInspector */ = {
			isa = XCSwiftPackageProductDependency;
			package = AC258F6C2647927B00D933F2 /* XCRemoteSwiftPackageReference "ViewInspector" */;
			productName = ViewInspector;
		};
/* End XCSwiftPackageProductDependency section */
	};
	rootObject = AC258F0D2646426900D933F2 /* Project object */;
}
